
Microsoft Visual Studio Solution File, Format Version 12.00
# Visual Studio Version 16
VisualStudioVersion = 16.0.31729.503
MinimumVisualStudioVersion = 10.0.40219.1
Project("{FAE04EC0-301F-11D3-BF4B-00C04F79EFBC}") = "txtEditor", "txtEditor.csproj", "{898A4823-C257-406B-9218-2E37129C2D7A}"
EndProject
Global
	GlobalSection(SolutionConfigurationPlatforms) = preSolution
		Debug|Any CPU = Debug|Any CPU
		Release|Any CPU = Release|Any CPU
	EndGlobalSection
	GlobalSection(ProjectConfigurationPlatforms) = postSolution
		{898A4823-C257-406B-9218-2E37129C2D7A}.Debug|Any CPU.ActiveCfg = Debug|Any CPU
		{898A4823-C257-406B-9218-2E37129C2D7A}.Debug|Any CPU.Build.0 = Debug|Any CPU
		{898A4823-C257-406B-9218-2E37129C2D7A}.Release|Any CPU.ActiveCfg = Release|Any CPU
		{898A4823-C257-406B-9218-2E37129C2D7A}.Release|Any CPU.Build.0 = Release|Any CPU
	EndGlobalSection
	GlobalSection(SolutionProperties) = preSolution
		HideSolutionNode = FALSE
	EndGlobalSection
	GlobalSection(ExtensibilityGlobals) = postSolution
		SolutionGuid = {0C88584A-541D-49BA-8BBD-4BABA59A34C8}
	EndGlobalSection
EndGlobal
